<?xml version="1.0" encoding="utf-8"?>
<Project ToolsVersion="4.0" xmlns="http://schemas.microsoft.com/developer/msbuild/2003">
  <ItemGroup>
    <Filter Include="__vm">
      <UniqueIdentifier>{0ad123e6-224e-4082-b78f-27c859da2c2f}</UniqueIdentifier>
      <Extensions>vsarduino.h</Extensions>
    </Filter>
    <Filter Include="src">
      <UniqueIdentifier>{4FC737F1-C7A5-4376-A066-2A32D752A2FF}</UniqueIdentifier>
      <Extensions>h;hpp;hxx;inc;cpp;c;cc;cxx;def;odl;idl;hpj;bat;asm;asmx</Extensions>
    </Filter>
  </ItemGroup>
  <ItemGroup>
    <None Include="Foxetron_AngleDriver.ino" />
  </ItemGroup>
  <ItemGroup>
    <ClInclude Include="__vm\.Foxetron_AngleDriver.vsarduino.h">
      <Filter>__vm</Filter>
    </ClInclude>
    <ClInclude Include="..\Foxetron_fields.h">
      <Filter>src</Filter>
    </ClInclude>
    <ClInclude Include="..\Foxetron_messages.h">
      <Filter>src</Filter>
    </ClInclude>
    <ClInclude Include="Foxetron_pins.h">
      <Filter>src</Filter>
    </ClInclude>
    <ClInclude Include="..\IttyBitty\avr_cpunames.h">
      <Filter>src</Filter>
    </ClInclude>
    <ClInclude Include="..\IttyBitty\IttyBitty_aliases.h">
      <Filter>src</Filter>
    </ClInclude>
    <ClInclude Include="..\IttyBitty\IttyBitty_bits.h">
      <Filter>src</Filter>
    </ClInclude>
    <ClInclude Include="..\IttyBitty\IttyBitty_type_traits.h">
      <Filter>src</Filter>
    </ClInclude>
    <ClInclude Include="..\IttyBitty\IttyBitty_util.h">
      <Filter>src</Filter>
    </ClInclude>
    <ClInclude Include="..\IttyBitty\IttyBitty_info.h">
      <Filter>src</Filter>
    </ClInclude>
  </ItemGroup>
  <ItemGroup>
    <ClCompile Include="..\Foxetron_fields.cpp">
      <Filter>src</Filter>
    </ClCompile>
    <ClCompile Include="..\Foxetron_messages.cpp">
      <Filter>src</Filter>
    </ClCompile>
  </ItemGroup>
</Project>