<?xml version="1.0" encoding="utf-8"?>
<Project ToolsVersion="4.0" xmlns="http://schemas.microsoft.com/developer/msbuild/2003">
  <ItemGroup>
    <Filter Include="__vm">
      <UniqueIdentifier>{0ad123e6-224e-4082-b78f-27c859da2c2f}</UniqueIdentifier>
      <Extensions>vsarduino.h</Extensions>
    </Filter>
    <Filter Include="src">
      <UniqueIdentifier>{4FC737F1-C7A5-4376-A066-2A32D752A2FF}</UniqueIdentifier>
      <Extensions>h;hpp;hxx;inc;cpp;c;cc;cxx;def;odl;idl;hpj;bat;asm;asmx</Extensions>
    </Filter>
    <Filter Include="src\_micro-api-readonly">
      <UniqueIdentifier>{92c607cd-fe76-4cde-bfd9-a695cff3e61d}</UniqueIdentifier>
    </Filter>
    <Filter Include="src\_micro-api-readonly\core">
      <UniqueIdentifier>{be1d5718-d3e7-46a4-8a60-61c3e826066a}</UniqueIdentifier>
    </Filter>
    <Filter Include="src\_micro-api-readonly\variants">
      <UniqueIdentifier>{ec45e1c1-2bc5-48fd-8556-80658ce03105}</UniqueIdentifier>
    </Filter>
    <Filter Include="src\_micro-api-readonly\variants\eightanaloginputs">
      <UniqueIdentifier>{427384a0-9e39-458c-a1d6-8df353ccd2ed}</UniqueIdentifier>
    </Filter>
    <Filter Include="src\_micro-api-readonly\libraries">
      <UniqueIdentifier>{90bf7457-1d1e-4f3d-9200-6a00b9f14fab}</UniqueIdentifier>
    </Filter>
    <Filter Include="IttyBitty">
      <UniqueIdentifier>{e1395598-fb7c-4ba2-8ec1-6293564d85b7}</UniqueIdentifier>
    </Filter>
    <Filter Include="libs">
      <UniqueIdentifier>{d1395598-fb7c-4ba2-8ec1-6293564d85b7}</UniqueIdentifier>
    </Filter>
  </ItemGroup>
  <ItemGroup>
    <None Include="Foxetron_AngleDriver.ino" />
  </ItemGroup>
  <ItemGroup>
    <ClInclude Include="__vm\.Foxetron_AngleDriver.vsarduino.h">
      <Filter>__vm</Filter>
    </ClInclude>
    <ClInclude Include="..\..\libraries\RTCLib\RTCLib.h">
      <Filter>src</Filter>
    </ClInclude>
  </ItemGroup>
  <ItemGroup>
    <ClInclude Include="..\..\libraries\HalfStepper\HalfStepper.h">
      <Filter>libs</Filter>
    </ClInclude>
  </ItemGroup>
  <ItemGroup>
    <ClInclude Include="..\Foxetron_messages.h">
      <Filter>src</Filter>
    </ClInclude>
    <ClInclude Include="Foxetron_pins.h">
      <Filter>src</Filter>
    </ClInclude>
  </ItemGroup>
  <ItemGroup>
    <ClCompile Include="..\..\..\..\Program Files (x86)\Arduino\hardware\arduino\avr\cores\arduino\abi.cpp">
      <Filter>src\_micro-api-readonly\core</Filter>
    </ClCompile>
    <ClCompile Include="..\..\..\..\Program Files (x86)\Arduino\hardware\arduino\avr\cores\arduino\CDC.cpp">
      <Filter>src\_micro-api-readonly\core</Filter>
    </ClCompile>
    <ClCompile Include="..\..\..\..\Program Files (x86)\Arduino\hardware\arduino\avr\cores\arduino\HardwareSerial.cpp">
      <Filter>src\_micro-api-readonly\core</Filter>
    </ClCompile>
    <ClCompile Include="..\..\..\..\Program Files (x86)\Arduino\hardware\arduino\avr\cores\arduino\HardwareSerial0.cpp">
      <Filter>src\_micro-api-readonly\core</Filter>
    </ClCompile>
    <ClCompile Include="..\..\..\..\Program Files (x86)\Arduino\hardware\arduino\avr\cores\arduino\HardwareSerial1.cpp">
      <Filter>src\_micro-api-readonly\core</Filter>
    </ClCompile>
    <ClCompile Include="..\..\..\..\Program Files (x86)\Arduino\hardware\arduino\avr\cores\arduino\HardwareSerial2.cpp">
      <Filter>src\_micro-api-readonly\core</Filter>
    </ClCompile>
    <ClCompile Include="..\..\..\..\Program Files (x86)\Arduino\hardware\arduino\avr\cores\arduino\HardwareSerial3.cpp">
      <Filter>src\_micro-api-readonly\core</Filter>
    </ClCompile>
    <ClCompile Include="..\..\..\..\Program Files (x86)\Arduino\hardware\arduino\avr\cores\arduino\hooks.c">
      <Filter>src\_micro-api-readonly\core</Filter>
    </ClCompile>
    <ClCompile Include="..\..\..\..\Program Files (x86)\Arduino\hardware\arduino\avr\cores\arduino\IPAddress.cpp">
      <Filter>src\_micro-api-readonly\core</Filter>
    </ClCompile>
    <ClCompile Include="..\..\..\..\Program Files (x86)\Arduino\hardware\arduino\avr\cores\arduino\main.cpp">
      <Filter>src\_micro-api-readonly\core</Filter>
    </ClCompile>
    <ClCompile Include="..\..\..\..\Program Files (x86)\Arduino\hardware\arduino\avr\cores\arduino\new.cpp">
      <Filter>src\_micro-api-readonly\core</Filter>
    </ClCompile>
    <ClCompile Include="..\..\..\..\Program Files (x86)\Arduino\hardware\arduino\avr\cores\arduino\PluggableUSB.cpp">
      <Filter>src\_micro-api-readonly\core</Filter>
    </ClCompile>
    <ClCompile Include="..\..\..\..\Program Files (x86)\Arduino\hardware\arduino\avr\cores\arduino\Print.cpp">
      <Filter>src\_micro-api-readonly\core</Filter>
    </ClCompile>
    <ClCompile Include="..\..\..\..\Program Files (x86)\Arduino\hardware\arduino\avr\cores\arduino\Stream.cpp">
      <Filter>src\_micro-api-readonly\core</Filter>
    </ClCompile>
    <ClCompile Include="..\..\..\..\Program Files (x86)\Arduino\hardware\arduino\avr\cores\arduino\Tone.cpp">
      <Filter>src\_micro-api-readonly\core</Filter>
    </ClCompile>
    <ClCompile Include="..\..\..\..\Program Files (x86)\Arduino\hardware\arduino\avr\cores\arduino\USBCore.cpp">
      <Filter>src\_micro-api-readonly\core</Filter>
    </ClCompile>
    <ClCompile Include="..\..\..\..\Program Files (x86)\Arduino\hardware\arduino\avr\cores\arduino\WInterrupts.c">
      <Filter>src\_micro-api-readonly\core</Filter>
    </ClCompile>
    <ClCompile Include="..\..\..\..\Program Files (x86)\Arduino\hardware\arduino\avr\cores\arduino\wiring.c">
      <Filter>src\_micro-api-readonly\core</Filter>
    </ClCompile>
    <ClCompile Include="..\..\..\..\Program Files (x86)\Arduino\hardware\arduino\avr\cores\arduino\wiring_analog.c">
      <Filter>src\_micro-api-readonly\core</Filter>
    </ClCompile>
    <ClCompile Include="..\..\..\..\Program Files (x86)\Arduino\hardware\arduino\avr\cores\arduino\wiring_digital.c">
      <Filter>src\_micro-api-readonly\core</Filter>
    </ClCompile>
    <ClCompile Include="..\..\..\..\Program Files (x86)\Arduino\hardware\arduino\avr\cores\arduino\wiring_pulse.c">
      <Filter>src\_micro-api-readonly\core</Filter>
    </ClCompile>
    <ClCompile Include="..\..\..\..\Program Files (x86)\Arduino\hardware\arduino\avr\cores\arduino\wiring_shift.c">
      <Filter>src\_micro-api-readonly\core</Filter>
    </ClCompile>
    <ClCompile Include="..\..\..\..\Program Files (x86)\Arduino\hardware\arduino\avr\cores\arduino\WMath.cpp">
      <Filter>src\_micro-api-readonly\core</Filter>
    </ClCompile>
    <ClCompile Include="..\..\..\..\Program Files (x86)\Arduino\hardware\arduino\avr\cores\arduino\WString.cpp">
      <Filter>src\_micro-api-readonly\core</Filter>
    </ClCompile>
    <ClCompile Include="..\Foxetron_messages.cpp">
      <Filter>src</Filter>
    </ClCompile>
    <ClCompile Include="..\..\libraries\RTCLib\RTCLib.cpp">
      <Filter>src</Filter>
    </ClCompile>
  </ItemGroup>
  <ItemGroup>
    <ClCompile Include="..\..\libraries\HalfStepper\HalfStepper.cpp">
      <Filter>libs</Filter>
    </ClCompile>
  </ItemGroup>
</Project>